
Microsoft Visual Studio Solution File, Format Version 12.00
# Visual Studio 15
VisualStudioVersion = 15.0.27130.2027
MinimumVisualStudioVersion = 10.0.40219.1
Project("{FAE04EC0-301F-11D3-BF4B-00C04F79EFBC}") = "MySQL2MongoDB", "MySQL2MongoDB\MySQL2MongoDB.csproj", "{70D4F608-C2E9-479B-8717-5AC8F6D308D5}"
EndProject
Project("{FAE04EC0-301F-11D3-BF4B-00C04F79EFBC}") = "MongoDB", "MongoDB\MongoDB.csproj", "{B125BBA6-BFFD-44FA-9254-9B1754CD8AF3}"
EndProject
Project("{FAE04EC0-301F-11D3-BF4B-00C04F79EFBC}") = "MongoDB.GridFS", "MongoDB.GridFS\MongoDB.GridFS.csproj", "{B42DBBF9-0A1F-4749-9787-013BF8D8F435}"
EndProject
Project("{FAE04EC0-301F-11D3-BF4B-00C04F79EFBC}") = "APP", "APP\APP.csproj", "{0E2DCB6E-40FF-4E49-9846-48CEEB2D47AA}"
EndProject
Project("{FAE04EC0-301F-11D3-BF4B-00C04F79EFBC}") = "Utility", "Utility\Utility.csproj", "{156F5287-2F78-4750-8B48-66FEF6E73941}"
EndProject
Project("{FAE04EC0-301F-11D3-BF4B-00C04F79EFBC}") = "Models", "Models\Models.csproj", "{CECC783E-FF14-46EC-8FA5-7E2E4901BE79}"
EndProject
Project("{FAE04EC0-301F-11D3-BF4B-00C04F79EFBC}") = "DNS", "DNS\DNS.csproj", "{EBCB8F53-C56A-4245-893F-CE67D69D0087}"
EndProject
Project("{FAE04EC0-301F-11D3-BF4B-00C04F79EFBC}") = "MySql2MongoDBTemp", "MySql2MongoDBTemp\MySql2MongoDBTemp.csproj", "{B286A39A-1F1B-4273-ACE6-ACB622CB3688}"
EndProject
Project("{FAE04EC0-301F-11D3-BF4B-00C04F79EFBC}") = "ViewIP", "ViewIP\ViewIP.csproj", "{8ED1B9D7-071B-4980-981A-145C72714E79}"
EndProject
Project("{FAE04EC0-301F-11D3-BF4B-00C04F79EFBC}") = "SN++", "SN++\SN++.csproj", "{BAAA934A-574D-4E63-981A-E696EAA69F37}"
EndProject
Project("{FAE04EC0-301F-11D3-BF4B-00C04F79EFBC}") = "MySql2MongoDBTest", "MySql2MongoDBTest\MySql2MongoDBTest.csproj", "{8D3212D5-C85A-4B70-A0D2-F496639ECD1D}"
EndProject
Project("{FAE04EC0-301F-11D3-BF4B-00C04F79EFBC}") = "TestOnline", "TestOnline\TestOnline.csproj", "{500BE73E-FA55-4B5B-BAF8-9C656D416D23}"
EndProject
Project("{FAE04EC0-301F-11D3-BF4B-00C04F79EFBC}") = "Online", "Online\Online.csproj", "{DE1C2577-6AD4-48E3-B93D-77525B06F09E}"
EndProject
Project("{FAE04EC0-301F-11D3-BF4B-00C04F79EFBC}") = "MongoDBHelper", "MongoDBHelper\MongoDBHelper.csproj", "{B14C6C51-3539-42BB-868C-F1AB8884DE3D}"
EndProject
Global
	GlobalSection(SolutionConfigurationPlatforms) = preSolution
		Debug|Any CPU = Debug|Any CPU
		Release|Any CPU = Release|Any CPU
	EndGlobalSection
	GlobalSection(ProjectConfigurationPlatforms) = postSolution
		{70D4F608-C2E9-479B-8717-5AC8F6D308D5}.Debug|Any CPU.ActiveCfg = Debug|Any CPU
		{70D4F608-C2E9-479B-8717-5AC8F6D308D5}.Debug|Any CPU.Build.0 = Debug|Any CPU
		{70D4F608-C2E9-479B-8717-5AC8F6D308D5}.Release|Any CPU.ActiveCfg = Release|Any CPU
		{70D4F608-C2E9-479B-8717-5AC8F6D308D5}.Release|Any CPU.Build.0 = Release|Any CPU
		{B125BBA6-BFFD-44FA-9254-9B1754CD8AF3}.Debug|Any CPU.ActiveCfg = Debug|Any CPU
		{B125BBA6-BFFD-44FA-9254-9B1754CD8AF3}.Debug|Any CPU.Build.0 = Debug|Any CPU
		{B125BBA6-BFFD-44FA-9254-9B1754CD8AF3}.Release|Any CPU.ActiveCfg = Release|Any CPU
		{B125BBA6-BFFD-44FA-9254-9B1754CD8AF3}.Release|Any CPU.Build.0 = Release|Any CPU
		{B42DBBF9-0A1F-4749-9787-013BF8D8F435}.Debug|Any CPU.ActiveCfg = Debug|Any CPU
		{B42DBBF9-0A1F-4749-9787-013BF8D8F435}.Debug|Any CPU.Build.0 = Debug|Any CPU
		{B42DBBF9-0A1F-4749-9787-013BF8D8F435}.Release|Any CPU.ActiveCfg = Release|Any CPU
		{B42DBBF9-0A1F-4749-9787-013BF8D8F435}.Release|Any CPU.Build.0 = Release|Any CPU
		{0E2DCB6E-40FF-4E49-9846-48CEEB2D47AA}.Debug|Any CPU.ActiveCfg = Debug|Any CPU
		{0E2DCB6E-40FF-4E49-9846-48CEEB2D47AA}.Debug|Any CPU.Build.0 = Debug|Any CPU
		{0E2DCB6E-40FF-4E49-9846-48CEEB2D47AA}.Release|Any CPU.ActiveCfg = Release|Any CPU
		{0E2DCB6E-40FF-4E49-9846-48CEEB2D47AA}.Release|Any CPU.Build.0 = Release|Any CPU
		{156F5287-2F78-4750-8B48-66FEF6E73941}.Debug|Any CPU.ActiveCfg = Debug|Any CPU
		{156F5287-2F78-4750-8B48-66FEF6E73941}.Debug|Any CPU.Build.0 = Debug|Any CPU
		{156F5287-2F78-4750-8B48-66FEF6E73941}.Release|Any CPU.ActiveCfg = Release|Any CPU
		{156F5287-2F78-4750-8B48-66FEF6E73941}.Release|Any CPU.Build.0 = Release|Any CPU
		{CECC783E-FF14-46EC-8FA5-7E2E4901BE79}.Debug|Any CPU.ActiveCfg = Debug|Any CPU
		{CECC783E-FF14-46EC-8FA5-7E2E4901BE79}.Debug|Any CPU.Build.0 = Debug|Any CPU
		{CECC783E-FF14-46EC-8FA5-7E2E4901BE79}.Release|Any CPU.ActiveCfg = Release|Any CPU
		{CECC783E-FF14-46EC-8FA5-7E2E4901BE79}.Release|Any CPU.Build.0 = Release|Any CPU
		{EBCB8F53-C56A-4245-893F-CE67D69D0087}.Debug|Any CPU.ActiveCfg = Debug|Any CPU
		{EBCB8F53-C56A-4245-893F-CE67D69D0087}.Debug|Any CPU.Build.0 = Debug|Any CPU
		{EBCB8F53-C56A-4245-893F-CE67D69D0087}.Release|Any CPU.ActiveCfg = Release|Any CPU
		{EBCB8F53-C56A-4245-893F-CE67D69D0087}.Release|Any CPU.Build.0 = Release|Any CPU
		{B286A39A-1F1B-4273-ACE6-ACB622CB3688}.Debug|Any CPU.ActiveCfg = Debug|Any CPU
		{B286A39A-1F1B-4273-ACE6-ACB622CB3688}.Debug|Any CPU.Build.0 = Debug|Any CPU
		{B286A39A-1F1B-4273-ACE6-ACB622CB3688}.Release|Any CPU.ActiveCfg = Release|Any CPU
		{B286A39A-1F1B-4273-ACE6-ACB622CB3688}.Release|Any CPU.Build.0 = Release|Any CPU
		{8ED1B9D7-071B-4980-981A-145C72714E79}.Debug|Any CPU.ActiveCfg = Debug|Any CPU
		{8ED1B9D7-071B-4980-981A-145C72714E79}.Debug|Any CPU.Build.0 = Debug|Any CPU
		{8ED1B9D7-071B-4980-981A-145C72714E79}.Release|Any CPU.ActiveCfg = Release|Any CPU
		{8ED1B9D7-071B-4980-981A-145C72714E79}.Release|Any CPU.Build.0 = Release|Any CPU
		{BAAA934A-574D-4E63-981A-E696EAA69F37}.Debug|Any CPU.ActiveCfg = Debug|Any CPU
		{BAAA934A-574D-4E63-981A-E696EAA69F37}.Debug|Any CPU.Build.0 = Debug|Any CPU
		{BAAA934A-574D-4E63-981A-E696EAA69F37}.Release|Any CPU.ActiveCfg = Release|Any CPU
		{BAAA934A-574D-4E63-981A-E696EAA69F37}.Release|Any CPU.Build.0 = Release|Any CPU
		{8D3212D5-C85A-4B70-A0D2-F496639ECD1D}.Debug|Any CPU.ActiveCfg = Debug|Any CPU
		{8D3212D5-C85A-4B70-A0D2-F496639ECD1D}.Debug|Any CPU.Build.0 = Debug|Any CPU
		{8D3212D5-C85A-4B70-A0D2-F496639ECD1D}.Release|Any CPU.ActiveCfg = Release|Any CPU
		{8D3212D5-C85A-4B70-A0D2-F496639ECD1D}.Release|Any CPU.Build.0 = Release|Any CPU
		{500BE73E-FA55-4B5B-BAF8-9C656D416D23}.Debug|Any CPU.ActiveCfg = Debug|Any CPU
		{500BE73E-FA55-4B5B-BAF8-9C656D416D23}.Debug|Any CPU.Build.0 = Debug|Any CPU
		{500BE73E-FA55-4B5B-BAF8-9C656D416D23}.Release|Any CPU.ActiveCfg = Release|Any CPU
		{500BE73E-FA55-4B5B-BAF8-9C656D416D23}.Release|Any CPU.Build.0 = Release|Any CPU
		{DE1C2577-6AD4-48E3-B93D-77525B06F09E}.Debug|Any CPU.ActiveCfg = Debug|Any CPU
		{DE1C2577-6AD4-48E3-B93D-77525B06F09E}.Debug|Any CPU.Build.0 = Debug|Any CPU
		{DE1C2577-6AD4-48E3-B93D-77525B06F09E}.Release|Any CPU.ActiveCfg = Release|Any CPU
		{DE1C2577-6AD4-48E3-B93D-77525B06F09E}.Release|Any CPU.Build.0 = Release|Any CPU
		{B14C6C51-3539-42BB-868C-F1AB8884DE3D}.Debug|Any CPU.ActiveCfg = Debug|Any CPU
		{B14C6C51-3539-42BB-868C-F1AB8884DE3D}.Debug|Any CPU.Build.0 = Debug|Any CPU
		{B14C6C51-3539-42BB-868C-F1AB8884DE3D}.Release|Any CPU.ActiveCfg = Release|Any CPU
		{B14C6C51-3539-42BB-868C-F1AB8884DE3D}.Release|Any CPU.Build.0 = Release|Any CPU
	EndGlobalSection
	GlobalSection(SolutionProperties) = preSolution
		HideSolutionNode = FALSE
	EndGlobalSection
	GlobalSection(ExtensibilityGlobals) = postSolution
		SolutionGuid = {6A24D901-84C5-4F5C-8B43-2DEA341B204E}
	EndGlobalSection
EndGlobal
